
Microsoft Visual Studio Solution File, Format Version 12.00
# Visual Studio Version 16
VisualStudioVersion = 16.0.31624.102
MinimumVisualStudioVersion = 10.0.40219.1
Project("{FAE04EC0-301F-11D3-BF4B-00C04F79EFBC}") = "a_进程", "a_进程\a_进程.csproj", "{A6F40FA4-FD9A-40F1-9BC4-2766257D285F}"
EndProject
Project("{FAE04EC0-301F-11D3-BF4B-00C04F79EFBC}") = "b_多线程", "b_多线程\b_多线程.csproj", "{99C051ED-3E5D-4B05-8D69-FFA1654D8D77}"
EndProject
Project("{FAE04EC0-301F-11D3-BF4B-00C04F79EFBC}") = "b_线程", "b_线程\b_线程.csproj", "{CEA88B16-A9E0-4219-8067-3EF19F986741}"
EndProject
Global
	GlobalSection(SolutionConfigurationPlatforms) = preSolution
		Debug|Any CPU = Debug|Any CPU
		Release|Any CPU = Release|Any CPU
	EndGlobalSection
	GlobalSection(ProjectConfigurationPlatforms) = postSolution
		{A6F40FA4-FD9A-40F1-9BC4-2766257D285F}.Debug|Any CPU.ActiveCfg = Debug|Any CPU
		{A6F40FA4-FD9A-40F1-9BC4-2766257D285F}.Debug|Any CPU.Build.0 = Debug|Any CPU
		{A6F40FA4-FD9A-40F1-9BC4-2766257D285F}.Release|Any CPU.ActiveCfg = Release|Any CPU
		{A6F40FA4-FD9A-40F1-9BC4-2766257D285F}.Release|Any CPU.Build.0 = Release|Any CPU
		{99C051ED-3E5D-4B05-8D69-FFA1654D8D77}.Debug|Any CPU.ActiveCfg = Debug|Any CPU
		{99C051ED-3E5D-4B05-8D69-FFA1654D8D77}.Debug|Any CPU.Build.0 = Debug|Any CPU
		{99C051ED-3E5D-4B05-8D69-FFA1654D8D77}.Release|Any CPU.ActiveCfg = Release|Any CPU
		{99C051ED-3E5D-4B05-8D69-FFA1654D8D77}.Release|Any CPU.Build.0 = Release|Any CPU
		{CEA88B16-A9E0-4219-8067-3EF19F986741}.Debug|Any CPU.ActiveCfg = Debug|Any CPU
		{CEA88B16-A9E0-4219-8067-3EF19F986741}.Debug|Any CPU.Build.0 = Debug|Any CPU
		{CEA88B16-A9E0-4219-8067-3EF19F986741}.Release|Any CPU.ActiveCfg = Release|Any CPU
		{CEA88B16-A9E0-4219-8067-3EF19F986741}.Release|Any CPU.Build.0 = Release|Any CPU
	EndGlobalSection
	GlobalSection(SolutionProperties) = preSolution
		HideSolutionNode = FALSE
	EndGlobalSection
	GlobalSection(ExtensibilityGlobals) = postSolution
		SolutionGuid = {29D7AB44-47F0-4DEF-87A5-F0283750BA21}
	EndGlobalSection
EndGlobal
