
Microsoft Visual Studio Solution File, Format Version 12.00
# Visual Studio Version 16
VisualStudioVersion = 16.0.31624.102
MinimumVisualStudioVersion = 10.0.40219.1
Project("{FAE04EC0-301F-11D3-BF4B-00C04F79EFBC}") = "a_面向对象复习", "a_面向对象复习\a_面向对象复习.csproj", "{1BF7DD94-F024-42A1-81E8-4178F084A02F}"
EndProject
Global
	GlobalSection(SolutionConfigurationPlatforms) = preSolution
		Debug|Any CPU = Debug|Any CPU
		Release|Any CPU = Release|Any CPU
	EndGlobalSection
	GlobalSection(ProjectConfigurationPlatforms) = postSolution
		{1BF7DD94-F024-42A1-81E8-4178F084A02F}.Debug|Any CPU.ActiveCfg = Debug|Any CPU
		{1BF7DD94-F024-42A1-81E8-4178F084A02F}.Debug|Any CPU.Build.0 = Debug|Any CPU
		{1BF7DD94-F024-42A1-81E8-4178F084A02F}.Release|Any CPU.ActiveCfg = Release|Any CPU
		{1BF7DD94-F024-42A1-81E8-4178F084A02F}.Release|Any CPU.Build.0 = Release|Any CPU
	EndGlobalSection
	GlobalSection(SolutionProperties) = preSolution
		HideSolutionNode = FALSE
	EndGlobalSection
	GlobalSection(ExtensibilityGlobals) = postSolution
		SolutionGuid = {8EBE8250-3BF2-4C24-A621-12C8177B7C45}
	EndGlobalSection
EndGlobal
